
Microsoft Visual Studio Solution File, Format Version 12.00
# Visual Studio Version 16
VisualStudioVersion = 16.0.31729.503
MinimumVisualStudioVersion = 10.0.40219.1
Project("{FAE04EC0-301F-11D3-BF4B-00C04F79EFBC}") = "Shelterprojekt.Server", "Shelterprojekt\Server\Shelterprojekt.Server.csproj", "{605B2DF5-79CA-4BE0-A72C-56E0C84442C9}"
EndProject
Project("{FAE04EC0-301F-11D3-BF4B-00C04F79EFBC}") = "Shelterprojekt.Client", "Shelterprojekt\Client\Shelterprojekt.Client.csproj", "{2E8431C3-BCA1-4236-8EEB-453940C3AEF6}"
EndProject
Project("{FAE04EC0-301F-11D3-BF4B-00C04F79EFBC}") = "Shelterprojekt.Shared", "Shelterprojekt\Shared\Shelterprojekt.Shared.csproj", "{570B55DD-2AF4-4842-90F2-4718A471AF32}"
EndProject
Global
	GlobalSection(SolutionConfigurationPlatforms) = preSolution
		Debug|Any CPU = Debug|Any CPU
		Release|Any CPU = Release|Any CPU
	EndGlobalSection
	GlobalSection(ProjectConfigurationPlatforms) = postSolution
		{605B2DF5-79CA-4BE0-A72C-56E0C84442C9}.Debug|Any CPU.ActiveCfg = Debug|Any CPU
		{605B2DF5-79CA-4BE0-A72C-56E0C84442C9}.Debug|Any CPU.Build.0 = Debug|Any CPU
		{605B2DF5-79CA-4BE0-A72C-56E0C84442C9}.Release|Any CPU.ActiveCfg = Release|Any CPU
		{605B2DF5-79CA-4BE0-A72C-56E0C84442C9}.Release|Any CPU.Build.0 = Release|Any CPU
		{2E8431C3-BCA1-4236-8EEB-453940C3AEF6}.Debug|Any CPU.ActiveCfg = Debug|Any CPU
		{2E8431C3-BCA1-4236-8EEB-453940C3AEF6}.Debug|Any CPU.Build.0 = Debug|Any CPU
		{2E8431C3-BCA1-4236-8EEB-453940C3AEF6}.Release|Any CPU.ActiveCfg = Release|Any CPU
		{2E8431C3-BCA1-4236-8EEB-453940C3AEF6}.Release|Any CPU.Build.0 = Release|Any CPU
		{570B55DD-2AF4-4842-90F2-4718A471AF32}.Debug|Any CPU.ActiveCfg = Debug|Any CPU
		{570B55DD-2AF4-4842-90F2-4718A471AF32}.Debug|Any CPU.Build.0 = Debug|Any CPU
		{570B55DD-2AF4-4842-90F2-4718A471AF32}.Release|Any CPU.ActiveCfg = Release|Any CPU
		{570B55DD-2AF4-4842-90F2-4718A471AF32}.Release|Any CPU.Build.0 = Release|Any CPU
	EndGlobalSection
	GlobalSection(SolutionProperties) = preSolution
		HideSolutionNode = FALSE
	EndGlobalSection
	GlobalSection(ExtensibilityGlobals) = postSolution
		SolutionGuid = {9876AE64-585A-4669-BF69-5ED078C36361}
	EndGlobalSection
EndGlobal
